
Microsoft Visual Studio Solution File, Format Version 12.00
# Visual Studio Version 16
VisualStudioVersion = 16.0.33423.256
MinimumVisualStudioVersion = 10.0.40219.1
Project("{888888A0-9F3D-457C-B088-3A5042F75D52}") = "partical system pygame", "partical system pygame\partical system pygame.pyproj", "{70BA7243-EBC7-45A5-A574-0BFC0E228B6A}"
EndProject
Global
	GlobalSection(SolutionConfigurationPlatforms) = preSolution
		Debug|Any CPU = Debug|Any CPU
		Release|Any CPU = Release|Any CPU
	EndGlobalSection
	GlobalSection(ProjectConfigurationPlatforms) = postSolution
		{70BA7243-EBC7-45A5-A574-0BFC0E228B6A}.Debug|Any CPU.ActiveCfg = Debug|Any CPU
		{70BA7243-EBC7-45A5-A574-0BFC0E228B6A}.Release|Any CPU.ActiveCfg = Release|Any CPU
	EndGlobalSection
	GlobalSection(SolutionProperties) = preSolution
		HideSolutionNode = FALSE
	EndGlobalSection
	GlobalSection(ExtensibilityGlobals) = postSolution
		SolutionGuid = {15B34B4B-8FA0-4D29-A935-334FBCB562B0}
	EndGlobalSection
EndGlobal
